
Microsoft Visual Studio Solution File, Format Version 12.00
# Visual Studio Version 17
VisualStudioVersion = 17.7.34031.279
MinimumVisualStudioVersion = 10.0.40219.1
Project("{9092AA53-FB77-4645-B42D-1CCCA6BD08BD}") = "registry", "registry\registry.njsproj", "{A4EF611A-4FD6-4E8A-AF9A-39F343D32D78}"
EndProject
Global
	GlobalSection(SolutionConfigurationPlatforms) = preSolution
		Debug|Any CPU = Debug|Any CPU
		Release|Any CPU = Release|Any CPU
	EndGlobalSection
	GlobalSection(ProjectConfigurationPlatforms) = postSolution
		{A4EF611A-4FD6-4E8A-AF9A-39F343D32D78}.Debug|Any CPU.ActiveCfg = Debug|Any CPU
		{A4EF611A-4FD6-4E8A-AF9A-39F343D32D78}.Debug|Any CPU.Build.0 = Debug|Any CPU
		{A4EF611A-4FD6-4E8A-AF9A-39F343D32D78}.Release|Any CPU.ActiveCfg = Release|Any CPU
		{A4EF611A-4FD6-4E8A-AF9A-39F343D32D78}.Release|Any CPU.Build.0 = Release|Any CPU
	EndGlobalSection
	GlobalSection(SolutionProperties) = preSolution
		HideSolutionNode = FALSE
	EndGlobalSection
	GlobalSection(ExtensibilityGlobals) = postSolution
		SolutionGuid = {68CC6296-EE91-419D-8123-DBDE686E942E}
	EndGlobalSection
EndGlobal
