
Microsoft Visual Studio Solution File, Format Version 12.00
# Visual Studio Version 17
VisualStudioVersion = 17.7.34031.279
MinimumVisualStudioVersion = 10.0.40219.1
Project("{9092AA53-FB77-4645-B42D-1CCCA6BD08BD}") = "microservice", "microservice\microservice.njsproj", "{BD44F86E-F86B-41A9-B779-3881AA89A0CB}"
EndProject
Global
	GlobalSection(SolutionConfigurationPlatforms) = preSolution
		Debug|Any CPU = Debug|Any CPU
		Release|Any CPU = Release|Any CPU
	EndGlobalSection
	GlobalSection(ProjectConfigurationPlatforms) = postSolution
		{BD44F86E-F86B-41A9-B779-3881AA89A0CB}.Debug|Any CPU.ActiveCfg = Debug|Any CPU
		{BD44F86E-F86B-41A9-B779-3881AA89A0CB}.Debug|Any CPU.Build.0 = Debug|Any CPU
		{BD44F86E-F86B-41A9-B779-3881AA89A0CB}.Release|Any CPU.ActiveCfg = Release|Any CPU
		{BD44F86E-F86B-41A9-B779-3881AA89A0CB}.Release|Any CPU.Build.0 = Release|Any CPU
	EndGlobalSection
	GlobalSection(SolutionProperties) = preSolution
		HideSolutionNode = FALSE
	EndGlobalSection
	GlobalSection(ExtensibilityGlobals) = postSolution
		SolutionGuid = {411B93A2-57BA-40FC-996A-E2AA0BAE68CB}
	EndGlobalSection
EndGlobal
